
Microsoft Visual Studio Solution File, Format Version 11.00
# Visual Studio 2010 Express for Windows Phone
Project("{FAE04EC0-301F-11D3-BF4B-00C04F79EFBC}") = "StoneCircle", "StoneCircle\StoneCircle.csproj", "{BCD83619-0D85-4A33-8C14-2E0D8FE04B7E}"
EndProject
Project("{FAE04EC0-301F-11D3-BF4B-00C04F79EFBC}") = "SCEd", "SCEd\SCEd.csproj", "{0BA20358-A797-4221-AF3D-A9B4AB5E66E0}"
EndProject
Project("{FAE04EC0-301F-11D3-BF4B-00C04F79EFBC}") = "SCSede", "SCSede\SCSede.csproj", "{56CCEA4F-0A3F-4E46-878E-15510D2BF585}"
EndProject
Project("{FAE04EC0-301F-11D3-BF4B-00C04F79EFBC}") = "StoneCircleContent", "StoneCircle\Content\StoneCircleContent.contentproj", "{5069EC13-4AED-4859-920C-3B61127827E5}"
EndProject
Project("{FAE04EC0-301F-11D3-BF4B-00C04F79EFBC}") = "Xbox 360 Copy of StoneCircle", "StoneCircle\Xbox 360 Copy of StoneCircle.csproj", "{3DD83ED0-295A-4A5C-84FF-3CA9E646863B}"
EndProject
Global
	GlobalSection(SolutionConfigurationPlatforms) = preSolution
		Debug|Any CPU = Debug|Any CPU
		Debug|Mixed Platforms = Debug|Mixed Platforms
		Debug|x86 = Debug|x86
		Debug|Xbox 360 = Debug|Xbox 360
		Release|Any CPU = Release|Any CPU
		Release|Mixed Platforms = Release|Mixed Platforms
		Release|x86 = Release|x86
		Release|Xbox 360 = Release|Xbox 360
	EndGlobalSection
	GlobalSection(ProjectConfigurationPlatforms) = postSolution
		{BCD83619-0D85-4A33-8C14-2E0D8FE04B7E}.Debug|Any CPU.ActiveCfg = Debug|x86
		{BCD83619-0D85-4A33-8C14-2E0D8FE04B7E}.Debug|Mixed Platforms.ActiveCfg = Debug|x86
		{BCD83619-0D85-4A33-8C14-2E0D8FE04B7E}.Debug|Mixed Platforms.Build.0 = Debug|x86
		{BCD83619-0D85-4A33-8C14-2E0D8FE04B7E}.Debug|x86.ActiveCfg = Debug|x86
		{BCD83619-0D85-4A33-8C14-2E0D8FE04B7E}.Debug|x86.Build.0 = Debug|x86
		{BCD83619-0D85-4A33-8C14-2E0D8FE04B7E}.Debug|Xbox 360.ActiveCfg = Debug|x86
		{BCD83619-0D85-4A33-8C14-2E0D8FE04B7E}.Debug|Xbox 360.Build.0 = Debug|x86
		{BCD83619-0D85-4A33-8C14-2E0D8FE04B7E}.Release|Any CPU.ActiveCfg = Release|x86
		{BCD83619-0D85-4A33-8C14-2E0D8FE04B7E}.Release|Mixed Platforms.ActiveCfg = Release|x86
		{BCD83619-0D85-4A33-8C14-2E0D8FE04B7E}.Release|Mixed Platforms.Build.0 = Release|x86
		{BCD83619-0D85-4A33-8C14-2E0D8FE04B7E}.Release|x86.ActiveCfg = Release|x86
		{BCD83619-0D85-4A33-8C14-2E0D8FE04B7E}.Release|x86.Build.0 = Release|x86
		{BCD83619-0D85-4A33-8C14-2E0D8FE04B7E}.Release|Xbox 360.ActiveCfg = Release|x86
		{BCD83619-0D85-4A33-8C14-2E0D8FE04B7E}.Release|Xbox 360.Build.0 = Release|x86
		{0BA20358-A797-4221-AF3D-A9B4AB5E66E0}.Debug|Any CPU.ActiveCfg = Debug|x86
		{0BA20358-A797-4221-AF3D-A9B4AB5E66E0}.Debug|Any CPU.Build.0 = Debug|x86
		{0BA20358-A797-4221-AF3D-A9B4AB5E66E0}.Debug|Mixed Platforms.ActiveCfg = Debug|x86
		{0BA20358-A797-4221-AF3D-A9B4AB5E66E0}.Debug|Mixed Platforms.Build.0 = Debug|x86
		{0BA20358-A797-4221-AF3D-A9B4AB5E66E0}.Debug|x86.ActiveCfg = Debug|x86
		{0BA20358-A797-4221-AF3D-A9B4AB5E66E0}.Debug|Xbox 360.ActiveCfg = Debug|x86
		{0BA20358-A797-4221-AF3D-A9B4AB5E66E0}.Release|Any CPU.ActiveCfg = Release|x86
		{0BA20358-A797-4221-AF3D-A9B4AB5E66E0}.Release|Mixed Platforms.ActiveCfg = Release|x86
		{0BA20358-A797-4221-AF3D-A9B4AB5E66E0}.Release|Mixed Platforms.Build.0 = Release|x86
		{0BA20358-A797-4221-AF3D-A9B4AB5E66E0}.Release|x86.ActiveCfg = Release|x86
		{0BA20358-A797-4221-AF3D-A9B4AB5E66E0}.Release|x86.Build.0 = Release|x86
		{0BA20358-A797-4221-AF3D-A9B4AB5E66E0}.Release|Xbox 360.ActiveCfg = Release|x86
		{56CCEA4F-0A3F-4E46-878E-15510D2BF585}.Debug|Any CPU.ActiveCfg = Debug|x86
		{56CCEA4F-0A3F-4E46-878E-15510D2BF585}.Debug|Mixed Platforms.ActiveCfg = Debug|x86
		{56CCEA4F-0A3F-4E46-878E-15510D2BF585}.Debug|Mixed Platforms.Build.0 = Debug|x86
		{56CCEA4F-0A3F-4E46-878E-15510D2BF585}.Debug|x86.ActiveCfg = Debug|x86
		{56CCEA4F-0A3F-4E46-878E-15510D2BF585}.Debug|x86.Build.0 = Debug|x86
		{56CCEA4F-0A3F-4E46-878E-15510D2BF585}.Debug|Xbox 360.ActiveCfg = Debug|x86
		{56CCEA4F-0A3F-4E46-878E-15510D2BF585}.Release|Any CPU.ActiveCfg = Release|x86
		{56CCEA4F-0A3F-4E46-878E-15510D2BF585}.Release|Mixed Platforms.ActiveCfg = Release|x86
		{56CCEA4F-0A3F-4E46-878E-15510D2BF585}.Release|Mixed Platforms.Build.0 = Release|x86
		{56CCEA4F-0A3F-4E46-878E-15510D2BF585}.Release|x86.ActiveCfg = Release|x86
		{56CCEA4F-0A3F-4E46-878E-15510D2BF585}.Release|x86.Build.0 = Release|x86
		{56CCEA4F-0A3F-4E46-878E-15510D2BF585}.Release|Xbox 360.ActiveCfg = Release|x86
		{5069EC13-4AED-4859-920C-3B61127827E5}.Debug|Any CPU.ActiveCfg = Debug|x86
		{5069EC13-4AED-4859-920C-3B61127827E5}.Debug|Mixed Platforms.ActiveCfg = Debug|x86
		{5069EC13-4AED-4859-920C-3B61127827E5}.Debug|x86.ActiveCfg = Debug|x86
		{5069EC13-4AED-4859-920C-3B61127827E5}.Debug|Xbox 360.ActiveCfg = Debug|x86
		{5069EC13-4AED-4859-920C-3B61127827E5}.Release|Any CPU.ActiveCfg = Release|x86
		{5069EC13-4AED-4859-920C-3B61127827E5}.Release|Mixed Platforms.ActiveCfg = Release|x86
		{5069EC13-4AED-4859-920C-3B61127827E5}.Release|x86.ActiveCfg = Release|x86
		{5069EC13-4AED-4859-920C-3B61127827E5}.Release|Xbox 360.ActiveCfg = Release|x86
		{3DD83ED0-295A-4A5C-84FF-3CA9E646863B}.Debug|Any CPU.ActiveCfg = Debug|Xbox 360
		{3DD83ED0-295A-4A5C-84FF-3CA9E646863B}.Debug|Mixed Platforms.ActiveCfg = Debug|Xbox 360
		{3DD83ED0-295A-4A5C-84FF-3CA9E646863B}.Debug|Mixed Platforms.Build.0 = Debug|Xbox 360
		{3DD83ED0-295A-4A5C-84FF-3CA9E646863B}.Debug|Mixed Platforms.Deploy.0 = Debug|Xbox 360
		{3DD83ED0-295A-4A5C-84FF-3CA9E646863B}.Debug|x86.ActiveCfg = Debug|Xbox 360
		{3DD83ED0-295A-4A5C-84FF-3CA9E646863B}.Debug|Xbox 360.ActiveCfg = Debug|Xbox 360
		{3DD83ED0-295A-4A5C-84FF-3CA9E646863B}.Debug|Xbox 360.Build.0 = Debug|Xbox 360
		{3DD83ED0-295A-4A5C-84FF-3CA9E646863B}.Debug|Xbox 360.Deploy.0 = Debug|Xbox 360
		{3DD83ED0-295A-4A5C-84FF-3CA9E646863B}.Release|Any CPU.ActiveCfg = Release|Xbox 360
		{3DD83ED0-295A-4A5C-84FF-3CA9E646863B}.Release|Mixed Platforms.ActiveCfg = Release|Xbox 360
		{3DD83ED0-295A-4A5C-84FF-3CA9E646863B}.Release|Mixed Platforms.Build.0 = Release|Xbox 360
		{3DD83ED0-295A-4A5C-84FF-3CA9E646863B}.Release|Mixed Platforms.Deploy.0 = Release|Xbox 360
		{3DD83ED0-295A-4A5C-84FF-3CA9E646863B}.Release|x86.ActiveCfg = Release|Xbox 360
		{3DD83ED0-295A-4A5C-84FF-3CA9E646863B}.Release|Xbox 360.ActiveCfg = Release|Xbox 360
		{3DD83ED0-295A-4A5C-84FF-3CA9E646863B}.Release|Xbox 360.Build.0 = Release|Xbox 360
		{3DD83ED0-295A-4A5C-84FF-3CA9E646863B}.Release|Xbox 360.Deploy.0 = Release|Xbox 360
	EndGlobalSection
	GlobalSection(SolutionProperties) = preSolution
		HideSolutionNode = FALSE
	EndGlobalSection
EndGlobal
