
Microsoft Visual Studio Solution File, Format Version 10.00
# Visual Studio 2008
Project("{FAE04EC0-301F-11D3-BF4B-00C04F79EFBC}") = "StoneCircle", "StoneCircle\StoneCircle.csproj", "{BCD83619-0D85-4A33-8C14-2E0D8FE04B7E}"
EndProject
Global
	GlobalSection(SolutionConfigurationPlatforms) = preSolution
		Debug|x86 = Debug|x86
		Release|x86 = Release|x86
	EndGlobalSection
	GlobalSection(ProjectConfigurationPlatforms) = postSolution
		{BCD83619-0D85-4A33-8C14-2E0D8FE04B7E}.Debug|x86.ActiveCfg = Debug|x86
		{BCD83619-0D85-4A33-8C14-2E0D8FE04B7E}.Debug|x86.Build.0 = Debug|x86
		{BCD83619-0D85-4A33-8C14-2E0D8FE04B7E}.Release|x86.ActiveCfg = Release|x86
		{BCD83619-0D85-4A33-8C14-2E0D8FE04B7E}.Release|x86.Build.0 = Release|x86
		{5069EC13-4AED-4859-920C-3B61127827E5}.Debug|x86.ActiveCfg = Debug|x86
		{5069EC13-4AED-4859-920C-3B61127827E5}.Release|x86.ActiveCfg = Release|x86
	EndGlobalSection
	GlobalSection(SolutionProperties) = preSolution
		HideSolutionNode = FALSE
	EndGlobalSection
EndGlobal
